// !$*UTF8*$!
{
	archiveVersion = 1;
	classes = {
	};
	objectVersion = 46;
	objects = {

/* Begin PBXBuildFile section */
		511C67311C0D3AD600DB19A4 /* AppDelegate.swift in Sources */ = {isa = PBXBuildFile; fileRef = 511C67301C0D3AD600DB19A4 /* AppDelegate.swift */; };
		511C67331C0D3AD600DB19A4 /* ViewController.swift in Sources */ = {isa = PBXBuildFile; fileRef = 511C67321C0D3AD600DB19A4 /* ViewController.swift */; };
		511C67361C0D3AD700DB19A4 /* Main.storyboard in Resources */ = {isa = PBXBuildFile; fileRef = 511C67341C0D3AD700DB19A4 /* Main.storyboard */; };
		511C67381C0D3AD700DB19A4 /* Assets.xcassets in Resources */ = {isa = PBXBuildFile; fileRef = 511C67371C0D3AD700DB19A4 /* Assets.xcassets */; };
		511C673B1C0D3AD700DB19A4 /* LaunchScreen.storyboard in Resources */ = {isa = PBXBuildFile; fileRef = 511C67391C0D3AD700DB19A4 /* LaunchScreen.storyboard */; };
		511C67741C0D3D8700DB19A4 /* AFHTTPRequestOperation.m in Sources */ = {isa = PBXBuildFile; fileRef = 511C67621C0D3D8700DB19A4 /* AFHTTPRequestOperation.m */; };
		511C67751C0D3D8700DB19A4 /* AFHTTPRequestOperationManager.m in Sources */ = {isa = PBXBuildFile; fileRef = 511C67641C0D3D8700DB19A4 /* AFHTTPRequestOperationManager.m */; };
		511C67761C0D3D8700DB19A4 /* AFHTTPSessionManager.m in Sources */ = {isa = PBXBuildFile; fileRef = 511C67661C0D3D8700DB19A4 /* AFHTTPSessionManager.m */; };
		511C67771C0D3D8700DB19A4 /* AFNetworkReachabilityManager.m in Sources */ = {isa = PBXBuildFile; fileRef = 511C67691C0D3D8700DB19A4 /* AFNetworkReachabilityManager.m */; };
		511C67781C0D3D8700DB19A4 /* AFSecurityPolicy.m in Sources */ = {isa = PBXBuildFile; fileRef = 511C676B1C0D3D8700DB19A4 /* AFSecurityPolicy.m */; };
		511C67791C0D3D8700DB19A4 /* AFURLConnectionOperation.m in Sources */ = {isa = PBXBuildFile; fileRef = 511C676D1C0D3D8700DB19A4 /* AFURLConnectionOperation.m */; };
		511C677A1C0D3D8700DB19A4 /* AFURLRequestSerialization.m in Sources */ = {isa = PBXBuildFile; fileRef = 511C676F1C0D3D8700DB19A4 /* AFURLRequestSerialization.m */; };
		511C677B1C0D3D8700DB19A4 /* AFURLResponseSerialization.m in Sources */ = {isa = PBXBuildFile; fileRef = 511C67711C0D3D8700DB19A4 /* AFURLResponseSerialization.m */; };
		511C677C1C0D3D8700DB19A4 /* AFURLSessionManager.m in Sources */ = {isa = PBXBuildFile; fileRef = 511C67731C0D3D8700DB19A4 /* AFURLSessionManager.m */; };
/* End PBXBuildFile section */

/* Begin PBXFileReference section */
		511C672D1C0D3AD600DB19A4 /* webServicesExample.app */ = {isa = PBXFileReference; explicitFileType = wrapper.application; includeInIndex = 0; path = webServicesExample.app; sourceTree = BUILT_PRODUCTS_DIR; };
		511C67301C0D3AD600DB19A4 /* AppDelegate.swift */ = {isa = PBXFileReference; lastKnownFileType = sourcecode.swift; path = AppDelegate.swift; sourceTree = "<group>"; };
		511C67321C0D3AD600DB19A4 /* ViewController.swift */ = {isa = PBXFileReference; lastKnownFileType = sourcecode.swift; path = ViewController.swift; sourceTree = "<group>"; };
		511C67351C0D3AD700DB19A4 /* Base */ = {isa = PBXFileReference; lastKnownFileType = file.storyboard; name = Base; path = Base.lproj/Main.storyboard; sourceTree = "<group>"; };
		511C67371C0D3AD700DB19A4 /* Assets.xcassets */ = {isa = PBXFileReference; lastKnownFileType = folder.assetcatalog; path = Assets.xcassets; sourceTree = "<group>"; };
		511C673A1C0D3AD700DB19A4 /* Base */ = {isa = PBXFileReference; lastKnownFileType = file.storyboard; name = Base; path = Base.lproj/LaunchScreen.storyboard; sourceTree = "<group>"; };
		511C673C1C0D3AD700DB19A4 /* Info.plist */ = {isa = PBXFileReference; lastKnownFileType = text.plist.xml; path = Info.plist; sourceTree = "<group>"; };
		511C67611C0D3D8700DB19A4 /* AFHTTPRequestOperation.h */ = {isa = PBXFileReference; fileEncoding = 4; lastKnownFileType = sourcecode.c.h; path = AFHTTPRequestOperation.h; sourceTree = "<group>"; };
		511C67621C0D3D8700DB19A4 /* AFHTTPRequestOperation.m */ = {isa = PBXFileReference; fileEncoding = 4; lastKnownFileType = sourcecode.c.objc; path = AFHTTPRequestOperation.m; sourceTree = "<group>"; };
		511C67631C0D3D8700DB19A4 /* AFHTTPRequestOperationManager.h */ = {isa = PBXFileReference; fileEncoding = 4; lastKnownFileType = sourcecode.c.h; path = AFHTTPRequestOperationManager.h; sourceTree = "<group>"; };
		511C67641C0D3D8700DB19A4 /* AFHTTPRequestOperationManager.m */ = {isa = PBXFileReference; fileEncoding = 4; lastKnownFileType = sourcecode.c.objc; path = AFHTTPRequestOperationManager.m; sourceTree = "<group>"; };
		511C67651C0D3D8700DB19A4 /* AFHTTPSessionManager.h */ = {isa = PBXFileReference; fileEncoding = 4; lastKnownFileType = sourcecode.c.h; path = AFHTTPSessionManager.h; sourceTree = "<group>"; };
		511C67661C0D3D8700DB19A4 /* AFHTTPSessionManager.m */ = {isa = PBXFileReference; fileEncoding = 4; lastKnownFileType = sourcecode.c.objc; path = AFHTTPSessionManager.m; sourceTree = "<group>"; };
		511C67671C0D3D8700DB19A4 /* AFNetworking.h */ = {isa = PBXFileReference; fileEncoding = 4; lastKnownFileType = sourcecode.c.h; path = AFNetworking.h; sourceTree = "<group>"; };
		511C67681C0D3D8700DB19A4 /* AFNetworkReachabilityManager.h */ = {isa = PBXFileReference; fileEncoding = 4; lastKnownFileType = sourcecode.c.h; path = AFNetworkReachabilityManager.h; sourceTree = "<group>"; };
		511C67691C0D3D8700DB19A4 /* AFNetworkReachabilityManager.m */ = {isa = PBXFileReference; fileEncoding = 4; lastKnownFileType = sourcecode.c.objc; path = AFNetworkReachabilityManager.m; sourceTree = "<group>"; };
		511C676A1C0D3D8700DB19A4 /* AFSecurityPolicy.h */ = {isa = PBXFileReference; fileEncoding = 4; lastKnownFileType = sourcecode.c.h; path = AFSecurityPolicy.h; sourceTree = "<group>"; };
		511C676B1C0D3D8700DB19A4 /* AFSecurityPolicy.m */ = {isa = PBXFileReference; fileEncoding = 4; lastKnownFileType = sourcecode.c.objc; path = AFSecurityPolicy.m; sourceTree = "<group>"; };
		511C676C1C0D3D8700DB19A4 /* AFURLConnectionOperation.h */ = {isa = PBXFileReference; fileEncoding = 4; lastKnownFileType = sourcecode.c.h; path = AFURLConnectionOperation.h; sourceTree = "<group>"; };
		511C676D1C0D3D8700DB19A4 /* AFURLConnectionOperation.m */ = {isa = PBXFileReference; fileEncoding = 4; lastKnownFileType = sourcecode.c.objc; path = AFURLConnectionOperation.m; sourceTree = "<group>"; };
		511C676E1C0D3D8700DB19A4 /* AFURLRequestSerialization.h */ = {isa = PBXFileReference; fileEncoding = 4; lastKnownFileType = sourcecode.c.h; path = AFURLRequestSerialization.h; sourceTree = "<group>"; };
		511C676F1C0D3D8700DB19A4 /* AFURLRequestSerialization.m */ = {isa = PBXFileReference; fileEncoding = 4; lastKnownFileType = sourcecode.c.objc; path = AFURLRequestSerialization.m; sourceTree = "<group>"; };
		511C67701C0D3D8700DB19A4 /* AFURLResponseSerialization.h */ = {isa = PBXFileReference; fileEncoding = 4; lastKnownFileType = sourcecode.c.h; path = AFURLResponseSerialization.h; sourceTree = "<group>"; };
		511C67711C0D3D8700DB19A4 /* AFURLResponseSerialization.m */ = {isa = PBXFileReference; fileEncoding = 4; lastKnownFileType = sourcecode.c.objc; path = AFURLResponseSerialization.m; sourceTree = "<group>"; };
		511C67721C0D3D8700DB19A4 /* AFURLSessionManager.h */ = {isa = PBXFileReference; fileEncoding = 4; lastKnownFileType = sourcecode.c.h; path = AFURLSessionManager.h; sourceTree = "<group>"; };
		511C67731C0D3D8700DB19A4 /* AFURLSessionManager.m */ = {isa = PBXFileReference; fileEncoding = 4; lastKnownFileType = sourcecode.c.objc; path = AFURLSessionManager.m; sourceTree = "<group>"; };
		511C677D1C0D3DEE00DB19A4 /* bridge.h */ = {isa = PBXFileReference; lastKnownFileType = sourcecode.c.h; path = bridge.h; sourceTree = "<group>"; };
/* End PBXFileReference section */

/* Begin PBXFrameworksBuildPhase section */
		511C672A1C0D3AD600DB19A4 /* Frameworks */ = {
			isa = PBXFrameworksBuildPhase;
			buildActionMask = 2147483647;
			files = (
			);
			runOnlyForDeploymentPostprocessing = 0;
		};
/* End PBXFrameworksBuildPhase section */

/* Begin PBXGroup section */
		511C67241C0D3AD600DB19A4 = {
			isa = PBXGroup;
			children = (
				511C677D1C0D3DEE00DB19A4 /* bridge.h */,
				511C67601C0D3D8700DB19A4 /* AFNetworking */,
				511C672F1C0D3AD600DB19A4 /* webServicesExample */,
				511C672E1C0D3AD600DB19A4 /* Products */,
			);
			sourceTree = "<group>";
		};
		511C672E1C0D3AD600DB19A4 /* Products */ = {
			isa = PBXGroup;
			children = (
				511C672D1C0D3AD600DB19A4 /* webServicesExample.app */,
			);
			name = Products;
			sourceTree = "<group>";
		};
		511C672F1C0D3AD600DB19A4 /* webServicesExample */ = {
			isa = PBXGroup;
			children = (
				511C67301C0D3AD600DB19A4 /* AppDelegate.swift */,
				511C67321C0D3AD600DB19A4 /* ViewController.swift */,
				511C67341C0D3AD700DB19A4 /* Main.storyboard */,
				511C67371C0D3AD700DB19A4 /* Assets.xcassets */,
				511C67391C0D3AD700DB19A4 /* LaunchScreen.storyboard */,
				511C673C1C0D3AD700DB19A4 /* Info.plist */,
			);
			path = webServicesExample;
			sourceTree = "<group>";
		};
		511C67601C0D3D8700DB19A4 /* AFNetworking */ = {
			isa = PBXGroup;
			children = (
				511C67611C0D3D8700DB19A4 /* AFHTTPRequestOperation.h */,
				511C67621C0D3D8700DB19A4 /* AFHTTPRequestOperation.m */,
				511C67631C0D3D8700DB19A4 /* AFHTTPRequestOperationManager.h */,
				511C67641C0D3D8700DB19A4 /* AFHTTPRequestOperationManager.m */,
				511C67651C0D3D8700DB19A4 /* AFHTTPSessionManager.h */,
				511C67661C0D3D8700DB19A4 /* AFHTTPSessionManager.m */,
				511C67671C0D3D8700DB19A4 /* AFNetworking.h */,
				511C67681C0D3D8700DB19A4 /* AFNetworkReachabilityManager.h */,
				511C67691C0D3D8700DB19A4 /* AFNetworkReachabilityManager.m */,
				511C676A1C0D3D8700DB19A4 /* AFSecurityPolicy.h */,
				511C676B1C0D3D8700DB19A4 /* AFSecurityPolicy.m */,
				511C676C1C0D3D8700DB19A4 /* AFURLConnectionOperation.h */,
				511C676D1C0D3D8700DB19A4 /* AFURLConnectionOperation.m */,
				511C676E1C0D3D8700DB19A4 /* AFURLRequestSerialization.h */,
				511C676F1C0D3D8700DB19A4 /* AFURLRequestSerialization.m */,
				511C67701C0D3D8700DB19A4 /* AFURLResponseSerialization.h */,
				511C67711C0D3D8700DB19A4 /* AFURLResponseSerialization.m */,
				511C67721C0D3D8700DB19A4 /* AFURLSessionManager.h */,
				511C67731C0D3D8700DB19A4 /* AFURLSessionManager.m */,
			);
			path = AFNetworking;
			sourceTree = "<group>";
		};
/* End PBXGroup section */

/* Begin PBXNativeTarget section */
		511C672C1C0D3AD600DB19A4 /* webServicesExample */ = {
			isa = PBXNativeTarget;
			buildConfigurationList = 511C673F1C0D3AD700DB19A4 /* Build configuration list for PBXNativeTarget "webServicesExample" */;
			buildPhases = (
				511C67291C0D3AD600DB19A4 /* Sources */,
				511C672A1C0D3AD600DB19A4 /* Frameworks */,
				511C672B1C0D3AD600DB19A4 /* Resources */,
			);
			buildRules = (
			);
			dependencies = (
			);
			name = webServicesExample;
			productName = webServicesExample;
			productReference = 511C672D1C0D3AD600DB19A4 /* webServicesExample.app */;
			productType = "com.apple.product-type.application";
		};
/* End PBXNativeTarget section */

/* Begin PBXProject section */
		511C67251C0D3AD600DB19A4 /* Project object */ = {
			isa = PBXProject;
			attributes = {
				LastSwiftUpdateCheck = 0710;
				LastUpgradeCheck = 0710;
				ORGANIZATIONNAME = "Eric M. Seitz";
				TargetAttributes = {
					511C672C1C0D3AD600DB19A4 = {
						CreatedOnToolsVersion = 7.1.1;
					};
				};
			};
			buildConfigurationList = 511C67281C0D3AD600DB19A4 /* Build configuration list for PBXProject "webServicesExample" */;
			compatibilityVersion = "Xcode 3.2";
			developmentRegion = English;
			hasScannedForEncodings = 0;
			knownRegions = (
				en,
				Base,
			);
			mainGroup = 511C67241C0D3AD600DB19A4;
			productRefGroup = 511C672E1C0D3AD600DB19A4 /* Products */;
			projectDirPath = "";
			projectRoot = "";
			targets = (
				511C672C1C0D3AD600DB19A4 /* webServicesExample */,
			);
		};
/* End PBXProject section */

/* Begin PBXResourcesBuildPhase section */
		511C672B1C0D3AD600DB19A4 /* Resources */ = {
			isa = PBXResourcesBuildPhase;
			buildActionMask = 2147483647;
			files = (
				511C673B1C0D3AD700DB19A4 /* LaunchScreen.storyboard in Resources */,
				511C67381C0D3AD700DB19A4 /* Assets.xcassets in Resources */,
				511C67361C0D3AD700DB19A4 /* Main.storyboard in Resources */,
			);
			runOnlyForDeploymentPostprocessing = 0;
		};
/* End PBXResourcesBuildPhase section */

/* Begin PBXSourcesBuildPhase section */
		511C67291C0D3AD600DB19A4 /* Sources */ = {
			isa = PBXSourcesBuildPhase;
			buildActionMask = 2147483647;
			files = (
				511C677A1C0D3D8700DB19A4 /* AFURLRequestSerialization.m in Sources */,
				511C67791C0D3D8700DB19A4 /* AFURLConnectionOperation.m in Sources */,
				511C67781C0D3D8700DB19A4 /* AFSecurityPolicy.m in Sources */,
				511C67741C0D3D8700DB19A4 /* AFHTTPRequestOperation.m in Sources */,
				511C677C1C0D3D8700DB19A4 /* AFURLSessionManager.m in Sources */,
				511C677B1C0D3D8700DB19A4 /* AFURLResponseSerialization.m in Sources */,
				511C67331C0D3AD600DB19A4 /* ViewController.swift in Sources */,
				511C67761C0D3D8700DB19A4 /* AFHTTPSessionManager.m in Sources */,
				511C67751C0D3D8700DB19A4 /* AFHTTPRequestOperationManager.m in Sources */,
				511C67771C0D3D8700DB19A4 /* AFNetworkReachabilityManager.m in Sources */,
				511C67311C0D3AD600DB19A4 /* AppDelegate.swift in Sources */,
			);
			runOnlyForDeploymentPostprocessing = 0;
		};
/* End PBXSourcesBuildPhase section */

/* Begin PBXVariantGroup section */
		511C67341C0D3AD700DB19A4 /* Main.storyboard */ = {
			isa = PBXVariantGroup;
			children = (
				511C67351C0D3AD700DB19A4 /* Base */,
			);
			name = Main.storyboard;
			sourceTree = "<group>";
		};
		511C67391C0D3AD700DB19A4 /* LaunchScreen.storyboard */ = {
			isa = PBXVariantGroup;
			children = (
				511C673A1C0D3AD700DB19A4 /* Base */,
			);
			name = LaunchScreen.storyboard;
			sourceTree = "<group>";
		};
/* End PBXVariantGroup section */

/* Begin XCBuildConfiguration section */
		511C673D1C0D3AD700DB19A4 /* Debug */ = {
			isa = XCBuildConfiguration;
			buildSettings = {
				ALWAYS_SEARCH_USER_PATHS = NO;
				CLANG_CXX_LANGUAGE_STANDARD = "gnu++0x";
				CLANG_CXX_LIBRARY = "libc++";
				CLANG_ENABLE_MODULES = YES;
				CLANG_ENABLE_OBJC_ARC = YES;
				CLANG_WARN_BOOL_CONVERSION = YES;
				CLANG_WARN_CONSTANT_CONVERSION = YES;
				CLANG_WARN_DIRECT_OBJC_ISA_USAGE = YES_ERROR;
				CLANG_WARN_EMPTY_BODY = YES;
				CLANG_WARN_ENUM_CONVERSION = YES;
				CLANG_WARN_INT_CONVERSION = YES;
				CLANG_WARN_OBJC_ROOT_CLASS = YES_ERROR;
				CLANG_WARN_UNREACHABLE_CODE = YES;
				CLANG_WARN__DUPLICATE_METHOD_MATCH = YES;
				"CODE_SIGN_IDENTITY[sdk=iphoneos*]" = "iPhone Developer";
				COPY_PHASE_STRIP = NO;
				DEBUG_INFORMATION_FORMAT = dwarf;
				ENABLE_STRICT_OBJC_MSGSEND = YES;
				ENABLE_TESTABILITY = YES;
				GCC_C_LANGUAGE_STANDARD = gnu99;
				GCC_DYNAMIC_NO_PIC = NO;
				GCC_NO_COMMON_BLOCKS = YES;
				GCC_OPTIMIZATION_LEVEL = 0;
				GCC_PREPROCESSOR_DEFINITIONS = (
					"DEBUG=1",
					"$(inherited)",
				);
				GCC_WARN_64_TO_32_BIT_CONVERSION = YES;
				GCC_WARN_ABOUT_RETURN_TYPE = YES_ERROR;
				GCC_WARN_UNDECLARED_SELECTOR = YES;
				GCC_WARN_UNINITIALIZED_AUTOS = YES_AGGRESSIVE;
				GCC_WARN_UNUSED_FUNCTION = YES;
				GCC_WARN_UNUSED_VARIABLE = YES;
				IPHONEOS_DEPLOYMENT_TARGET = 9.1;
				MTL_ENABLE_DEBUG_INFO = YES;
				ONLY_ACTIVE_ARCH = YES;
				SDKROOT = iphoneos;
				SWIFT_OPTIMIZATION_LEVEL = "-Onone";
				TARGETED_DEVICE_FAMILY = "1,2";
			};
			name = Debug;
		};
		511C673E1C0D3AD700DB19A4 /* Release */ = {
			isa = XCBuildConfiguration;
			buildSettings = {
				ALWAYS_SEARCH_USER_PATHS = NO;
				CLANG_CXX_LANGUAGE_STANDARD = "gnu++0x";
				CLANG_CXX_LIBRARY = "libc++";
				CLANG_ENABLE_MODULES = YES;
				CLANG_ENABLE_OBJC_ARC = YES;
				CLANG_WARN_BOOL_CONVERSION = YES;
				CLANG_WARN_CONSTANT_CONVERSION = YES;
				CLANG_WARN_DIRECT_OBJC_ISA_USAGE = YES_ERROR;
				CLANG_WARN_EMPTY_BODY = YES;
				CLANG_WARN_ENUM_CONVERSION = YES;
				CLANG_WARN_INT_CONVERSION = YES;
				CLANG_WARN_OBJC_ROOT_CLASS = YES_ERROR;
				CLANG_WARN_UNREACHABLE_CODE = YES;
				CLANG_WARN__DUPLICATE_METHOD_MATCH = YES;
				"CODE_SIGN_IDENTITY[sdk=iphoneos*]" = "iPhone Developer";
				COPY_PHASE_STRIP = NO;
				DEBUG_INFORMATION_FORMAT = "dwarf-with-dsym";
				ENABLE_NS_ASSERTIONS = NO;
				ENABLE_STRICT_OBJC_MSGSEND = YES;
				GCC_C_LANGUAGE_STANDARD = gnu99;
				GCC_NO_COMMON_BLOCKS = YES;
				GCC_WARN_64_TO_32_BIT_CONVERSION = YES;
				GCC_WARN_ABOUT_RETURN_TYPE = YES_ERROR;
				GCC_WARN_UNDECLARED_SELECTOR = YES;
				GCC_WARN_UNINITIALIZED_AUTOS = YES_AGGRESSIVE;
				GCC_WARN_UNUSED_FUNCTION = YES;
				GCC_WARN_UNUSED_VARIABLE = YES;
				IPHONEOS_DEPLOYMENT_TARGET = 9.1;
				MTL_ENABLE_DEBUG_INFO = NO;
				SDKROOT = iphoneos;
				TARGETED_DEVICE_FAMILY = "1,2";
				VALIDATE_PRODUCT = YES;
			};
			name = Release;
		};
		511C67401C0D3AD700DB19A4 /* Debug */ = {
			isa = XCBuildConfiguration;
			buildSettings = {
				ASSETCATALOG_COMPILER_APPICON_NAME = AppIcon;
				DEFINES_MODULE = YES;
				INFOPLIST_FILE = webServicesExample/Info.plist;
				LD_RUNPATH_SEARCH_PATHS = "$(inherited) @executable_path/Frameworks";
				PRODUCT_BUNDLE_IDENTIFIER = projects.eric.webServicesExample;
				PRODUCT_NAME = "$(TARGET_NAME)";
				SWIFT_OBJC_BRIDGING_HEADER = bridge.h;
			};
			name = Debug;
		};
		511C67411C0D3AD700DB19A4 /* Release */ = {
			isa = XCBuildConfiguration;
			buildSettings = {
				ASSETCATALOG_COMPILER_APPICON_NAME = AppIcon;
				DEFINES_MODULE = YES;
				INFOPLIST_FILE = webServicesExample/Info.plist;
				LD_RUNPATH_SEARCH_PATHS = "$(inherited) @executable_path/Frameworks";
				PRODUCT_BUNDLE_IDENTIFIER = projects.eric.webServicesExample;
				PRODUCT_NAME = "$(TARGET_NAME)";
				SWIFT_OBJC_BRIDGING_HEADER = bridge.h;
			};
			name = Release;
		};
/* End XCBuildConfiguration section */

/* Begin XCConfigurationList section */
		511C67281C0D3AD600DB19A4 /* Build configuration list for PBXProject "webServicesExample" */ = {
			isa = XCConfigurationList;
			buildConfigurations = (
				511C673D1C0D3AD700DB19A4 /* Debug */,
				511C673E1C0D3AD700DB19A4 /* Release */,
			);
			defaultConfigurationIsVisible = 0;
			defaultConfigurationName = Release;
		};
		511C673F1C0D3AD700DB19A4 /* Build configuration list for PBXNativeTarget "webServicesExample" */ = {
			isa = XCConfigurationList;
			buildConfigurations = (
				511C67401C0D3AD700DB19A4 /* Debug */,
				511C67411C0D3AD700DB19A4 /* Release */,
			);
			defaultConfigurationIsVisible = 0;
			defaultConfigurationName = Release;
		};
/* End XCConfigurationList section */
	};
	rootObject = 511C67251C0D3AD600DB19A4 /* Project object */;
}
